// !$*UTF8*$!
{
	archiveVersion = 1;
	classes = {
	};
	objectVersion = 50;
	objects = {

/* Begin PBXBuildFile section */
		846BF98B24CB951400AE0975 /* AppDelegate.swift in Sources */ = {isa = PBXBuildFile; fileRef = 846BF98A24CB951400AE0975 /* AppDelegate.swift */; };
		846BF98D24CB951400AE0975 /* SceneDelegate.swift in Sources */ = {isa = PBXBuildFile; fileRef = 846BF98C24CB951400AE0975 /* SceneDelegate.swift */; };
		846BF98F24CB951400AE0975 /* ViewControllerOne.swift in Sources */ = {isa = PBXBuildFile; fileRef = 846BF98E24CB951400AE0975 /* ViewControllerOne.swift */; };
		846BF99224CB951400AE0975 /* Main.storyboard in Resources */ = {isa = PBXBuildFile; fileRef = 846BF99024CB951400AE0975 /* Main.storyboard */; };
		846BF99424CB951500AE0975 /* Assets.xcassets in Resources */ = {isa = PBXBuildFile; fileRef = 846BF99324CB951500AE0975 /* Assets.xcassets */; };
		846BF99724CB951500AE0975 /* LaunchScreen.storyboard in Resources */ = {isa = PBXBuildFile; fileRef = 846BF99524CB951500AE0975 /* LaunchScreen.storyboard */; };
		846BF99F24CB954200AE0975 /* ScaleTransition.swift in Sources */ = {isa = PBXBuildFile; fileRef = 846BF99E24CB954200AE0975 /* ScaleTransition.swift */; };
		846BF9A124CB958C00AE0975 /* FadeTransition.swift in Sources */ = {isa = PBXBuildFile; fileRef = 846BF9A024CB958C00AE0975 /* FadeTransition.swift */; };
		846BF9A324CB96FA00AE0975 /* ViewControllerTwo.swift in Sources */ = {isa = PBXBuildFile; fileRef = 846BF9A224CB96FA00AE0975 /* ViewControllerTwo.swift */; };
		84C2D58624CC59BC0064552B /* PresentAnimation.swift in Sources */ = {isa = PBXBuildFile; fileRef = 84C2D58524CC59BC0064552B /* PresentAnimation.swift */; };
		84C2D58824CC5D8C0064552B /* DismissAnimation.swift in Sources */ = {isa = PBXBuildFile; fileRef = 84C2D58724CC5D8C0064552B /* DismissAnimation.swift */; };
		84C2D58A24CC67F70064552B /* TableViewCell.swift in Sources */ = {isa = PBXBuildFile; fileRef = 84C2D58924CC67F70064552B /* TableViewCell.swift */; };
		84E2FEF924CD9C6300ACD596 /* UIViewTapAnimationExtension.swift in Sources */ = {isa = PBXBuildFile; fileRef = 84E2FEF824CD9C6300ACD596 /* UIViewTapAnimationExtension.swift */; };
/* End PBXBuildFile section */

/* Begin PBXFileReference section */
		846BF98724CB951400AE0975 /* SegueTransition.app */ = {isa = PBXFileReference; explicitFileType = wrapper.application; includeInIndex = 0; path = SegueTransition.app; sourceTree = BUILT_PRODUCTS_DIR; };
		846BF98A24CB951400AE0975 /* AppDelegate.swift */ = {isa = PBXFileReference; lastKnownFileType = sourcecode.swift; path = AppDelegate.swift; sourceTree = "<group>"; };
		846BF98C24CB951400AE0975 /* SceneDelegate.swift */ = {isa = PBXFileReference; lastKnownFileType = sourcecode.swift; path = SceneDelegate.swift; sourceTree = "<group>"; };
		846BF98E24CB951400AE0975 /* ViewControllerOne.swift */ = {isa = PBXFileReference; lastKnownFileType = sourcecode.swift; path = ViewControllerOne.swift; sourceTree = "<group>"; };
		846BF99124CB951400AE0975 /* Base */ = {isa = PBXFileReference; lastKnownFileType = file.storyboard; name = Base; path = Base.lproj/Main.storyboard; sourceTree = "<group>"; };
		846BF99324CB951500AE0975 /* Assets.xcassets */ = {isa = PBXFileReference; lastKnownFileType = folder.assetcatalog; path = Assets.xcassets; sourceTree = "<group>"; };
		846BF99624CB951500AE0975 /* Base */ = {isa = PBXFileReference; lastKnownFileType = file.storyboard; name = Base; path = Base.lproj/LaunchScreen.storyboard; sourceTree = "<group>"; };
		846BF99824CB951500AE0975 /* Info.plist */ = {isa = PBXFileReference; lastKnownFileType = text.plist.xml; path = Info.plist; sourceTree = "<group>"; };
		846BF99E24CB954200AE0975 /* ScaleTransition.swift */ = {isa = PBXFileReference; lastKnownFileType = sourcecode.swift; path = ScaleTransition.swift; sourceTree = "<group>"; };
		846BF9A024CB958C00AE0975 /* FadeTransition.swift */ = {isa = PBXFileReference; lastKnownFileType = sourcecode.swift; path = FadeTransition.swift; sourceTree = "<group>"; };
		846BF9A224CB96FA00AE0975 /* ViewControllerTwo.swift */ = {isa = PBXFileReference; lastKnownFileType = sourcecode.swift; path = ViewControllerTwo.swift; sourceTree = "<group>"; };
		84C2D58524CC59BC0064552B /* PresentAnimation.swift */ = {isa = PBXFileReference; lastKnownFileType = sourcecode.swift; path = PresentAnimation.swift; sourceTree = "<group>"; };
		84C2D58724CC5D8C0064552B /* DismissAnimation.swift */ = {isa = PBXFileReference; lastKnownFileType = sourcecode.swift; path = DismissAnimation.swift; sourceTree = "<group>"; };
		84C2D58924CC67F70064552B /* TableViewCell.swift */ = {isa = PBXFileReference; lastKnownFileType = sourcecode.swift; path = TableViewCell.swift; sourceTree = "<group>"; };
		84E2FEF824CD9C6300ACD596 /* UIViewTapAnimationExtension.swift */ = {isa = PBXFileReference; lastKnownFileType = sourcecode.swift; path = UIViewTapAnimationExtension.swift; sourceTree = "<group>"; };
/* End PBXFileReference section */

/* Begin PBXFrameworksBuildPhase section */
		846BF98424CB951400AE0975 /* Frameworks */ = {
			isa = PBXFrameworksBuildPhase;
			buildActionMask = 2147483647;
			files = (
			);
			runOnlyForDeploymentPostprocessing = 0;
		};
/* End PBXFrameworksBuildPhase section */

/* Begin PBXGroup section */
		846BF97E24CB951400AE0975 = {
			isa = PBXGroup;
			children = (
				846BF98924CB951400AE0975 /* SegueTransition */,
				846BF98824CB951400AE0975 /* Products */,
			);
			sourceTree = "<group>";
		};
		846BF98824CB951400AE0975 /* Products */ = {
			isa = PBXGroup;
			children = (
				846BF98724CB951400AE0975 /* SegueTransition.app */,
			);
			name = Products;
			sourceTree = "<group>";
		};
		846BF98924CB951400AE0975 /* SegueTransition */ = {
			isa = PBXGroup;
			children = (
				846BF98A24CB951400AE0975 /* AppDelegate.swift */,
				846BF98C24CB951400AE0975 /* SceneDelegate.swift */,
				846BF98E24CB951400AE0975 /* ViewControllerOne.swift */,
				846BF9A224CB96FA00AE0975 /* ViewControllerTwo.swift */,
				84C2D58924CC67F70064552B /* TableViewCell.swift */,
				846BF99024CB951400AE0975 /* Main.storyboard */,
				846BF99324CB951500AE0975 /* Assets.xcassets */,
				846BF99524CB951500AE0975 /* LaunchScreen.storyboard */,
				846BF99824CB951500AE0975 /* Info.plist */,
				84C2D58424CC598B0064552B /* AnimationController */,
				84C2D58324CC59230064552B /* Segue_TransitionClass */,
			);
			path = SegueTransition;
			sourceTree = "<group>";
		};
		84C2D58324CC59230064552B /* Segue_TransitionClass */ = {
			isa = PBXGroup;
			children = (
				846BF99E24CB954200AE0975 /* ScaleTransition.swift */,
				846BF9A024CB958C00AE0975 /* FadeTransition.swift */,
			);
			path = Segue_TransitionClass;
			sourceTree = "<group>";
		};
		84C2D58424CC598B0064552B /* AnimationController */ = {
			isa = PBXGroup;
			children = (
				84C2D58524CC59BC0064552B /* PresentAnimation.swift */,
				84C2D58724CC5D8C0064552B /* DismissAnimation.swift */,
				84E2FEF824CD9C6300ACD596 /* UIViewTapAnimationExtension.swift */,
			);
			path = AnimationController;
			sourceTree = "<group>";
		};
/* End PBXGroup section */

/* Begin PBXNativeTarget section */
		846BF98624CB951400AE0975 /* SegueTransition */ = {
			isa = PBXNativeTarget;
			buildConfigurationList = 846BF99B24CB951500AE0975 /* Build configuration list for PBXNativeTarget "SegueTransition" */;
			buildPhases = (
				846BF98324CB951400AE0975 /* Sources */,
				846BF98424CB951400AE0975 /* Frameworks */,
				846BF98524CB951400AE0975 /* Resources */,
			);
			buildRules = (
			);
			dependencies = (
			);
			name = SegueTransition;
			productName = SegueTransition;
			productReference = 846BF98724CB951400AE0975 /* SegueTransition.app */;
			productType = "com.apple.product-type.application";
		};
/* End PBXNativeTarget section */

/* Begin PBXProject section */
		846BF97F24CB951400AE0975 /* Project object */ = {
			isa = PBXProject;
			attributes = {
				LastSwiftUpdateCheck = 1160;
				LastUpgradeCheck = 1160;
				ORGANIZATIONNAME = "اسرارالحق ";
				TargetAttributes = {
					846BF98624CB951400AE0975 = {
						CreatedOnToolsVersion = 11.6;
					};
				};
			};
			buildConfigurationList = 846BF98224CB951400AE0975 /* Build configuration list for PBXProject "SegueTransition" */;
			compatibilityVersion = "Xcode 9.3";
			developmentRegion = en;
			hasScannedForEncodings = 0;
			knownRegions = (
				en,
				Base,
			);
			mainGroup = 846BF97E24CB951400AE0975;
			productRefGroup = 846BF98824CB951400AE0975 /* Products */;
			projectDirPath = "";
			projectRoot = "";
			targets = (
				846BF98624CB951400AE0975 /* SegueTransition */,
			);
		};
/* End PBXProject section */

/* Begin PBXResourcesBuildPhase section */
		846BF98524CB951400AE0975 /* Resources */ = {
			isa = PBXResourcesBuildPhase;
			buildActionMask = 2147483647;
			files = (
				846BF99724CB951500AE0975 /* LaunchScreen.storyboard in Resources */,
				846BF99424CB951500AE0975 /* Assets.xcassets in Resources */,
				846BF99224CB951400AE0975 /* Main.storyboard in Resources */,
			);
			runOnlyForDeploymentPostprocessing = 0;
		};
/* End PBXResourcesBuildPhase section */

/* Begin PBXSourcesBuildPhase section */
		846BF98324CB951400AE0975 /* Sources */ = {
			isa = PBXSourcesBuildPhase;
			buildActionMask = 2147483647;
			files = (
				846BF98F24CB951400AE0975 /* ViewControllerOne.swift in Sources */,
				846BF9A124CB958C00AE0975 /* FadeTransition.swift in Sources */,
				846BF98B24CB951400AE0975 /* AppDelegate.swift in Sources */,
				84C2D58A24CC67F70064552B /* TableViewCell.swift in Sources */,
				846BF98D24CB951400AE0975 /* SceneDelegate.swift in Sources */,
				84E2FEF924CD9C6300ACD596 /* UIViewTapAnimationExtension.swift in Sources */,
				846BF99F24CB954200AE0975 /* ScaleTransition.swift in Sources */,
				84C2D58824CC5D8C0064552B /* DismissAnimation.swift in Sources */,
				846BF9A324CB96FA00AE0975 /* ViewControllerTwo.swift in Sources */,
				84C2D58624CC59BC0064552B /* PresentAnimation.swift in Sources */,
			);
			runOnlyForDeploymentPostprocessing = 0;
		};
/* End PBXSourcesBuildPhase section */

/* Begin PBXVariantGroup section */
		846BF99024CB951400AE0975 /* Main.storyboard */ = {
			isa = PBXVariantGroup;
			children = (
				846BF99124CB951400AE0975 /* Base */,
			);
			name = Main.storyboard;
			sourceTree = "<group>";
		};
		846BF99524CB951500AE0975 /* LaunchScreen.storyboard */ = {
			isa = PBXVariantGroup;
			children = (
				846BF99624CB951500AE0975 /* Base */,
			);
			name = LaunchScreen.storyboard;
			sourceTree = "<group>";
		};
/* End PBXVariantGroup section */

/* Begin XCBuildConfiguration section */
		846BF99924CB951500AE0975 /* Debug */ = {
			isa = XCBuildConfiguration;
			buildSettings = {
				ALWAYS_SEARCH_USER_PATHS = NO;
				CLANG_ANALYZER_NONNULL = YES;
				CLANG_ANALYZER_NUMBER_OBJECT_CONVERSION = YES_AGGRESSIVE;
				CLANG_CXX_LANGUAGE_STANDARD = "gnu++14";
				CLANG_CXX_LIBRARY = "libc++";
				CLANG_ENABLE_MODULES = YES;
				CLANG_ENABLE_OBJC_ARC = YES;
				CLANG_ENABLE_OBJC_WEAK = YES;
				CLANG_WARN_BLOCK_CAPTURE_AUTORELEASING = YES;
				CLANG_WARN_BOOL_CONVERSION = YES;
				CLANG_WARN_COMMA = YES;
				CLANG_WARN_CONSTANT_CONVERSION = YES;
				CLANG_WARN_DEPRECATED_OBJC_IMPLEMENTATIONS = YES;
				CLANG_WARN_DIRECT_OBJC_ISA_USAGE = YES_ERROR;
				CLANG_WARN_DOCUMENTATION_COMMENTS = YES;
				CLANG_WARN_EMPTY_BODY = YES;
				CLANG_WARN_ENUM_CONVERSION = YES;
				CLANG_WARN_INFINITE_RECURSION = YES;
				CLANG_WARN_INT_CONVERSION = YES;
				CLANG_WARN_NON_LITERAL_NULL_CONVERSION = YES;
				CLANG_WARN_OBJC_IMPLICIT_RETAIN_SELF = YES;
				CLANG_WARN_OBJC_LITERAL_CONVERSION = YES;
				CLANG_WARN_OBJC_ROOT_CLASS = YES_ERROR;
				CLANG_WARN_RANGE_LOOP_ANALYSIS = YES;
				CLANG_WARN_STRICT_PROTOTYPES = YES;
				CLANG_WARN_SUSPICIOUS_MOVE = YES;
				CLANG_WARN_UNGUARDED_AVAILABILITY = YES_AGGRESSIVE;
				CLANG_WARN_UNREACHABLE_CODE = YES;
				CLANG_WARN__DUPLICATE_METHOD_MATCH = YES;
				COPY_PHASE_STRIP = NO;
				DEBUG_INFORMATION_FORMAT = dwarf;
				ENABLE_STRICT_OBJC_MSGSEND = YES;
				ENABLE_TESTABILITY = YES;
				GCC_C_LANGUAGE_STANDARD = gnu11;
				GCC_DYNAMIC_NO_PIC = NO;
				GCC_NO_COMMON_BLOCKS = YES;
				GCC_OPTIMIZATION_LEVEL = 0;
				GCC_PREPROCESSOR_DEFINITIONS = (
					"DEBUG=1",
					"$(inherited)",
				);
				GCC_WARN_64_TO_32_BIT_CONVERSION = YES;
				GCC_WARN_ABOUT_RETURN_TYPE = YES_ERROR;
				GCC_WARN_UNDECLARED_SELECTOR = YES;
				GCC_WARN_UNINITIALIZED_AUTOS = YES_AGGRESSIVE;
				GCC_WARN_UNUSED_FUNCTION = YES;
				GCC_WARN_UNUSED_VARIABLE = YES;
				IPHONEOS_DEPLOYMENT_TARGET = 13.6;
				MTL_ENABLE_DEBUG_INFO = INCLUDE_SOURCE;
				MTL_FAST_MATH = YES;
				ONLY_ACTIVE_ARCH = YES;
				SDKROOT = iphoneos;
				SWIFT_ACTIVE_COMPILATION_CONDITIONS = DEBUG;
				SWIFT_OPTIMIZATION_LEVEL = "-Onone";
			};
			name = Debug;
		};
		846BF99A24CB951500AE0975 /* Release */ = {
			isa = XCBuildConfiguration;
			buildSettings = {
				ALWAYS_SEARCH_USER_PATHS = NO;
				CLANG_ANALYZER_NONNULL = YES;
				CLANG_ANALYZER_NUMBER_OBJECT_CONVERSION = YES_AGGRESSIVE;
				CLANG_CXX_LANGUAGE_STANDARD = "gnu++14";
				CLANG_CXX_LIBRARY = "libc++";
				CLANG_ENABLE_MODULES = YES;
				CLANG_ENABLE_OBJC_ARC = YES;
				CLANG_ENABLE_OBJC_WEAK = YES;
				CLANG_WARN_BLOCK_CAPTURE_AUTORELEASING = YES;
				CLANG_WARN_BOOL_CONVERSION = YES;
				CLANG_WARN_COMMA = YES;
				CLANG_WARN_CONSTANT_CONVERSION = YES;
				CLANG_WARN_DEPRECATED_OBJC_IMPLEMENTATIONS = YES;
				CLANG_WARN_DIRECT_OBJC_ISA_USAGE = YES_ERROR;
				CLANG_WARN_DOCUMENTATION_COMMENTS = YES;
				CLANG_WARN_EMPTY_BODY = YES;
				CLANG_WARN_ENUM_CONVERSION = YES;
				CLANG_WARN_INFINITE_RECURSION = YES;
				CLANG_WARN_INT_CONVERSION = YES;
				CLANG_WARN_NON_LITERAL_NULL_CONVERSION = YES;
				CLANG_WARN_OBJC_IMPLICIT_RETAIN_SELF = YES;
				CLANG_WARN_OBJC_LITERAL_CONVERSION = YES;
				CLANG_WARN_OBJC_ROOT_CLASS = YES_ERROR;
				CLANG_WARN_RANGE_LOOP_ANALYSIS = YES;
				CLANG_WARN_STRICT_PROTOTYPES = YES;
				CLANG_WARN_SUSPICIOUS_MOVE = YES;
				CLANG_WARN_UNGUARDED_AVAILABILITY = YES_AGGRESSIVE;
				CLANG_WARN_UNREACHABLE_CODE = YES;
				CLANG_WARN__DUPLICATE_METHOD_MATCH = YES;
				COPY_PHASE_STRIP = NO;
				DEBUG_INFORMATION_FORMAT = "dwarf-with-dsym";
				ENABLE_NS_ASSERTIONS = NO;
				ENABLE_STRICT_OBJC_MSGSEND = YES;
				GCC_C_LANGUAGE_STANDARD = gnu11;
				GCC_NO_COMMON_BLOCKS = YES;
				GCC_WARN_64_TO_32_BIT_CONVERSION = YES;
				GCC_WARN_ABOUT_RETURN_TYPE = YES_ERROR;
				GCC_WARN_UNDECLARED_SELECTOR = YES;
				GCC_WARN_UNINITIALIZED_AUTOS = YES_AGGRESSIVE;
				GCC_WARN_UNUSED_FUNCTION = YES;
				GCC_WARN_UNUSED_VARIABLE = YES;
				IPHONEOS_DEPLOYMENT_TARGET = 13.6;
				MTL_ENABLE_DEBUG_INFO = NO;
				MTL_FAST_MATH = YES;
				SDKROOT = iphoneos;
				SWIFT_COMPILATION_MODE = wholemodule;
				SWIFT_OPTIMIZATION_LEVEL = "-O";
				VALIDATE_PRODUCT = YES;
			};
			name = Release;
		};
		846BF99C24CB951500AE0975 /* Debug */ = {
			isa = XCBuildConfiguration;
			buildSettings = {
				ASSETCATALOG_COMPILER_APPICON_NAME = AppIcon;
				CODE_SIGN_STYLE = Automatic;
				INFOPLIST_FILE = SegueTransition/Info.plist;
				LD_RUNPATH_SEARCH_PATHS = (
					"$(inherited)",
					"@executable_path/Frameworks",
				);
				PRODUCT_BUNDLE_IDENTIFIER = ahh.devoders.SegueTransition;
				PRODUCT_NAME = "$(TARGET_NAME)";
				SWIFT_VERSION = 5.0;
				TARGETED_DEVICE_FAMILY = "1,2";
			};
			name = Debug;
		};
		846BF99D24CB951500AE0975 /* Release */ = {
			isa = XCBuildConfiguration;
			buildSettings = {
				ASSETCATALOG_COMPILER_APPICON_NAME = AppIcon;
				CODE_SIGN_STYLE = Automatic;
				INFOPLIST_FILE = SegueTransition/Info.plist;
				LD_RUNPATH_SEARCH_PATHS = (
					"$(inherited)",
					"@executable_path/Frameworks",
				);
				PRODUCT_BUNDLE_IDENTIFIER = ahh.devoders.SegueTransition;
				PRODUCT_NAME = "$(TARGET_NAME)";
				SWIFT_VERSION = 5.0;
				TARGETED_DEVICE_FAMILY = "1,2";
			};
			name = Release;
		};
/* End XCBuildConfiguration section */

/* Begin XCConfigurationList section */
		846BF98224CB951400AE0975 /* Build configuration list for PBXProject "SegueTransition" */ = {
			isa = XCConfigurationList;
			buildConfigurations = (
				846BF99924CB951500AE0975 /* Debug */,
				846BF99A24CB951500AE0975 /* Release */,
			);
			defaultConfigurationIsVisible = 0;
			defaultConfigurationName = Release;
		};
		846BF99B24CB951500AE0975 /* Build configuration list for PBXNativeTarget "SegueTransition" */ = {
			isa = XCConfigurationList;
			buildConfigurations = (
				846BF99C24CB951500AE0975 /* Debug */,
				846BF99D24CB951500AE0975 /* Release */,
			);
			defaultConfigurationIsVisible = 0;
			defaultConfigurationName = Release;
		};
/* End XCConfigurationList section */
	};
	rootObject = 846BF97F24CB951400AE0975 /* Project object */;
}
